<?xml version="1.0" encoding="utf-8"?>
<Project ToolsVersion="4.0" xmlns="http://schemas.microsoft.com/developer/msbuild/2003">
  <ItemGroup>
    <Filter Include="Source Files">
      <UniqueIdentifier>{4FC737F1-C7A5-4376-A066-2A32D752A2FF}</UniqueIdentifier>
      <Extensions>cpp;c;cc;cxx;c++;cppm;ixx;def;odl;idl;hpj;bat;asm;asmx</Extensions>
    </Filter>
    <Filter Include="Header Files">
      <UniqueIdentifier>{93995380-89BD-4b04-88EB-625FBE52EBFB}</UniqueIdentifier>
      <Extensions>h;hh;hpp;hxx;h++;hm;inl;inc;ipp;xsd</Extensions>
    </Filter>
    <Filter Include="Resource Files">
      <UniqueIdentifier>{67DA6AB6-F800-4c08-8B7A-83BB121AAD01}</UniqueIdentifier>
      <Extensions>rc;ico;cur;bmp;dlg;rc2;rct;bin;rgs;gif;jpg;jpeg;jpe;resx;tiff;tif;png;wav;mfcribbon-ms</Extensions>
    </Filter>
  </ItemGroup>
  <ItemGroup>
    <ClCompile Include="MyForm.cpp">
      <Filter>Source Files</Filter>
    </ClCompile>
    <ClCompile Include="card_methods.cpp">
      <Filter>Source Files</Filter>
    </ClCompile>
  </ItemGroup>
  <ItemGroup>
    <ClInclude Include="MyForm.h">
      <Filter>Source Files</Filter>
    </ClInclude>
    <ClInclude Include="card_methods.h">
      <Filter>Header Files</Filter>
    </ClInclude>
  </ItemGroup>
  <ItemGroup>
    <Image Include="cards_images\6_clubs.PNG">
      <Filter>Resource Files</Filter>
    </Image>
    <Image Include="cards_images\6_diamonds.PNG">
      <Filter>Resource Files</Filter>
    </Image>
    <Image Include="cards_images\6_hearts.PNG">
      <Filter>Resource Files</Filter>
    </Image>
    <Image Include="cards_images\6_spades.PNG">
      <Filter>Resource Files</Filter>
    </Image>
    <Image Include="cards_images\7_clubs.PNG">
      <Filter>Resource Files</Filter>
    </Image>
    <Image Include="cards_images\7_diamonds.PNG">
      <Filter>Resource Files</Filter>
    </Image>
    <Image Include="cards_images\7_hearts.PNG">
      <Filter>Resource Files</Filter>
    </Image>
    <Image Include="cards_images\7_spades.PNG">
      <Filter>Resource Files</Filter>
    </Image>
    <Image Include="cards_images\8_clubs.PNG">
      <Filter>Resource Files</Filter>
    </Image>
    <Image Include="cards_images\8_diamonds.PNG">
      <Filter>Resource Files</Filter>
    </Image>
    <Image Include="cards_images\8_hearts.PNG">
      <Filter>Resource Files</Filter>
    </Image>
    <Image Include="cards_images\8_spades.PNG">
      <Filter>Resource Files</Filter>
    </Image>
    <Image Include="cards_images\9_clubs.PNG">
      <Filter>Resource Files</Filter>
    </Image>
    <Image Include="cards_images\9_diamonds.PNG">
      <Filter>Resource Files</Filter>
    </Image>
    <Image Include="cards_images\9_hearts.PNG">
      <Filter>Resource Files</Filter>
    </Image>
    <Image Include="cards_images\9_spades.PNG">
      <Filter>Resource Files</Filter>
    </Image>
    <Image Include="cards_images\10_clubs.PNG">
      <Filter>Resource Files</Filter>
    </Image>
    <Image Include="cards_images\10_diamonds.PNG">
      <Filter>Resource Files</Filter>
    </Image>
    <Image Include="cards_images\10_hearts.PNG">
      <Filter>Resource Files</Filter>
    </Image>
    <Image Include="cards_images\10_spades.PNG">
      <Filter>Resource Files</Filter>
    </Image>
    <Image Include="cards_images\A_clubs.PNG">
      <Filter>Resource Files</Filter>
    </Image>
    <Image Include="cards_images\A_diamonds.PNG">
      <Filter>Resource Files</Filter>
    </Image>
    <Image Include="cards_images\A_hearts.PNG">
      <Filter>Resource Files</Filter>
    </Image>
    <Image Include="cards_images\A_spades.PNG">
      <Filter>Resource Files</Filter>
    </Image>
    <Image Include="cards_images\Badge_clubs.PNG">
      <Filter>Resource Files</Filter>
    </Image>
    <Image Include="cards_images\Badge_diamonds.PNG">
      <Filter>Resource Files</Filter>
    </Image>
    <Image Include="cards_images\Badge_hearts.PNG">
      <Filter>Resource Files</Filter>
    </Image>
    <Image Include="cards_images\Badge_spades.PNG">
      <Filter>Resource Files</Filter>
    </Image>
    <Image Include="cards_images\Card_back.PNG">
      <Filter>Resource Files</Filter>
    </Image>
    <Image Include="cards_images\J_clubs.PNG">
      <Filter>Resource Files</Filter>
    </Image>
    <Image Include="cards_images\J_diamonds.PNG">
      <Filter>Resource Files</Filter>
    </Image>
    <Image Include="cards_images\J_hearts.PNG">
      <Filter>Resource Files</Filter>
    </Image>
    <Image Include="cards_images\J_spades.PNG">
      <Filter>Resource Files</Filter>
    </Image>
    <Image Include="cards_images\K_clubs.PNG">
      <Filter>Resource Files</Filter>
    </Image>
    <Image Include="cards_images\K_diamonds.PNG">
      <Filter>Resource Files</Filter>
    </Image>
    <Image Include="cards_images\K_hearts.PNG">
      <Filter>Resource Files</Filter>
    </Image>
    <Image Include="cards_images\K_spades.PNG">
      <Filter>Resource Files</Filter>
    </Image>
    <Image Include="cards_images\Q_clubs.PNG">
      <Filter>Resource Files</Filter>
    </Image>
    <Image Include="cards_images\Q_diamonds.PNG">
      <Filter>Resource Files</Filter>
    </Image>
    <Image Include="cards_images\Q_hearts.PNG">
      <Filter>Resource Files</Filter>
    </Image>
    <Image Include="cards_images\Q_spades.PNG">
      <Filter>Resource Files</Filter>
    </Image>
  </ItemGroup>
</Project>